
Microsoft Visual Studio Solution File, Format Version 12.00
# Visual Studio Version 16
VisualStudioVersion = 16.0.32413.511
MinimumVisualStudioVersion = 10.0.40219.1
Project("{8BC9CEB8-8B4A-11D0-8D11-00A0C91BC942}") = "MMDevice-SharedRuntime", "MMCore\MMDevice-SharedRuntime.vcxproj", "{B8C95F39-54BF-40A9-807B-598DF2821D55}"
EndProject
Project("{8BC9CEB8-8B4A-11D0-8D11-00A0C91BC942}") = "MMCore", "MMCore\MMCore.vcxproj", "{36571628-728C-4ACD-A47F-503BA91C5D43}"
EndProject
Project("{8BC9CEB8-8B4A-11D0-8D11-00A0C91BC942}") = "MMCoreC", "MMCoreC\MMCoreC.vcxproj", "{0CD32C41-6B9C-49EC-AAC7-150F5220FC56}"
	ProjectSection(ProjectDependencies) = postProject
		{36571628-728C-4ACD-A47F-503BA91C5D43} = {36571628-728C-4ACD-A47F-503BA91C5D43}
		{806A629B-7EAA-4265-A4C0-8A0EC03B104F} = {806A629B-7EAA-4265-A4C0-8A0EC03B104F}
	EndProjectSection
EndProject
Project("{8BC9CEB8-8B4A-11D0-8D11-00A0C91BC942}") = "DemoCamera", "MMCore\DemoCamera.vcxproj", "{806A629B-7EAA-4265-A4C0-8A0EC03B104F}"
EndProject
Global
	GlobalSection(SolutionConfigurationPlatforms) = preSolution
		Debug|x64 = Debug|x64
		Release|x64 = Release|x64
	EndGlobalSection
	GlobalSection(ProjectConfigurationPlatforms) = postSolution
		{B8C95F39-54BF-40A9-807B-598DF2821D55}.Debug|x64.ActiveCfg = Debug|x64
		{B8C95F39-54BF-40A9-807B-598DF2821D55}.Debug|x64.Build.0 = Debug|x64
		{B8C95F39-54BF-40A9-807B-598DF2821D55}.Release|x64.ActiveCfg = Release|x64
		{B8C95F39-54BF-40A9-807B-598DF2821D55}.Release|x64.Build.0 = Release|x64
		{36571628-728C-4ACD-A47F-503BA91C5D43}.Debug|x64.ActiveCfg = Debug|x64
		{36571628-728C-4ACD-A47F-503BA91C5D43}.Debug|x64.Build.0 = Debug|x64
		{36571628-728C-4ACD-A47F-503BA91C5D43}.Release|x64.ActiveCfg = Release|x64
		{36571628-728C-4ACD-A47F-503BA91C5D43}.Release|x64.Build.0 = Release|x64
		{0CD32C41-6B9C-49EC-AAC7-150F5220FC56}.Debug|x64.ActiveCfg = Debug|x64
		{0CD32C41-6B9C-49EC-AAC7-150F5220FC56}.Debug|x64.Build.0 = Debug|x64
		{0CD32C41-6B9C-49EC-AAC7-150F5220FC56}.Release|x64.ActiveCfg = Release|x64
		{0CD32C41-6B9C-49EC-AAC7-150F5220FC56}.Release|x64.Build.0 = Release|x64
		{806A629B-7EAA-4265-A4C0-8A0EC03B104F}.Debug|x64.ActiveCfg = Debug|x64
		{806A629B-7EAA-4265-A4C0-8A0EC03B104F}.Debug|x64.Build.0 = Debug|x64
		{806A629B-7EAA-4265-A4C0-8A0EC03B104F}.Release|x64.ActiveCfg = Release|x64
		{806A629B-7EAA-4265-A4C0-8A0EC03B104F}.Release|x64.Build.0 = Release|x64
	EndGlobalSection
	GlobalSection(SolutionProperties) = preSolution
		HideSolutionNode = FALSE
	EndGlobalSection
	GlobalSection(ExtensibilityGlobals) = postSolution
		SolutionGuid = {567ED27D-06D4-4868-AD0C-34E4007FB99D}
	EndGlobalSection
EndGlobal
